
Microsoft Visual Studio Solution File, Format Version 12.00
# Visual Studio Version 17
VisualStudioVersion = 17.5.33627.172
MinimumVisualStudioVersion = 10.0.40219.1
Project("{9A19103F-16F7-4668-BE54-9A1E7A4F7556}") = "TradeSystemAPI", "TradeSystemAPI\TradeSystemAPI.csproj", "{A2D0FD9D-6505-4CFA-957A-B4C79FB1205D}"
EndProject
Project("{FAE04EC0-301F-11D3-BF4B-00C04F79EFBC}") = "TradeSystemInterface", "TradeSystemInterface\TradeSystemInterface.csproj", "{EA56A681-CB62-403E-B0F4-00148639C4F3}"
EndProject
Global
	GlobalSection(SolutionConfigurationPlatforms) = preSolution
		Debug|Any CPU = Debug|Any CPU
		Release|Any CPU = Release|Any CPU
	EndGlobalSection
	GlobalSection(ProjectConfigurationPlatforms) = postSolution
		{A2D0FD9D-6505-4CFA-957A-B4C79FB1205D}.Debug|Any CPU.ActiveCfg = Debug|Any CPU
		{A2D0FD9D-6505-4CFA-957A-B4C79FB1205D}.Debug|Any CPU.Build.0 = Debug|Any CPU
		{A2D0FD9D-6505-4CFA-957A-B4C79FB1205D}.Release|Any CPU.ActiveCfg = Release|Any CPU
		{A2D0FD9D-6505-4CFA-957A-B4C79FB1205D}.Release|Any CPU.Build.0 = Release|Any CPU
		{EA56A681-CB62-403E-B0F4-00148639C4F3}.Debug|Any CPU.ActiveCfg = Debug|Any CPU
		{EA56A681-CB62-403E-B0F4-00148639C4F3}.Debug|Any CPU.Build.0 = Debug|Any CPU
		{EA56A681-CB62-403E-B0F4-00148639C4F3}.Release|Any CPU.ActiveCfg = Release|Any CPU
		{EA56A681-CB62-403E-B0F4-00148639C4F3}.Release|Any CPU.Build.0 = Release|Any CPU
	EndGlobalSection
	GlobalSection(SolutionProperties) = preSolution
		HideSolutionNode = FALSE
	EndGlobalSection
	GlobalSection(ExtensibilityGlobals) = postSolution
		SolutionGuid = {025BE68F-8801-420B-A00D-56738C8BA053}
	EndGlobalSection
EndGlobal
